// !$*UTF8*$!
{
	archiveVersion = 1;
	classes = {
	};
	objectVersion = 50;
	objects = {

/* Begin PBXBuildFile section */
		45220EF820E2C02100E23118 /* AppDelegate.swift in Sources */ = {isa = PBXBuildFile; fileRef = 45220EF720E2C02100E23118 /* AppDelegate.swift */; };
		45220EFA20E2C02100E23118 /* ViewController.swift in Sources */ = {isa = PBXBuildFile; fileRef = 45220EF920E2C02100E23118 /* ViewController.swift */; };
		45220EFD20E2C02100E23118 /* Main.storyboard in Resources */ = {isa = PBXBuildFile; fileRef = 45220EFB20E2C02100E23118 /* Main.storyboard */; };
		45220F0020E2C02100E23118 /* Sound_Board.xcdatamodeld in Sources */ = {isa = PBXBuildFile; fileRef = 45220EFE20E2C02100E23118 /* Sound_Board.xcdatamodeld */; };
		45220F0220E2C02300E23118 /* Assets.xcassets in Resources */ = {isa = PBXBuildFile; fileRef = 45220F0120E2C02300E23118 /* Assets.xcassets */; };
		45220F0520E2C02300E23118 /* LaunchScreen.storyboard in Resources */ = {isa = PBXBuildFile; fileRef = 45220F0320E2C02300E23118 /* LaunchScreen.storyboard */; };
/* End PBXBuildFile section */

/* Begin PBXFileReference section */
		45220EF420E2C02100E23118 /* Sound Board.app */ = {isa = PBXFileReference; explicitFileType = wrapper.application; includeInIndex = 0; path = "Sound Board.app"; sourceTree = BUILT_PRODUCTS_DIR; };
		45220EF720E2C02100E23118 /* AppDelegate.swift */ = {isa = PBXFileReference; lastKnownFileType = sourcecode.swift; path = AppDelegate.swift; sourceTree = "<group>"; };
		45220EF920E2C02100E23118 /* ViewController.swift */ = {isa = PBXFileReference; lastKnownFileType = sourcecode.swift; path = ViewController.swift; sourceTree = "<group>"; };
		45220EFC20E2C02100E23118 /* Base */ = {isa = PBXFileReference; lastKnownFileType = file.storyboard; name = Base; path = Base.lproj/Main.storyboard; sourceTree = "<group>"; };
		45220EFF20E2C02100E23118 /* Sound_Board.xcdatamodel */ = {isa = PBXFileReference; lastKnownFileType = wrapper.xcdatamodel; path = Sound_Board.xcdatamodel; sourceTree = "<group>"; };
		45220F0120E2C02300E23118 /* Assets.xcassets */ = {isa = PBXFileReference; lastKnownFileType = folder.assetcatalog; path = Assets.xcassets; sourceTree = "<group>"; };
		45220F0420E2C02300E23118 /* Base */ = {isa = PBXFileReference; lastKnownFileType = file.storyboard; name = Base; path = Base.lproj/LaunchScreen.storyboard; sourceTree = "<group>"; };
		45220F0620E2C02300E23118 /* Info.plist */ = {isa = PBXFileReference; lastKnownFileType = text.plist.xml; path = Info.plist; sourceTree = "<group>"; };
/* End PBXFileReference section */

/* Begin PBXFrameworksBuildPhase section */
		45220EF120E2C02100E23118 /* Frameworks */ = {
			isa = PBXFrameworksBuildPhase;
			buildActionMask = 2147483647;
			files = (
			);
			runOnlyForDeploymentPostprocessing = 0;
		};
/* End PBXFrameworksBuildPhase section */

/* Begin PBXGroup section */
		45220EEB20E2C02100E23118 = {
			isa = PBXGroup;
			children = (
				45220EF620E2C02100E23118 /* Sound Board */,
				45220EF520E2C02100E23118 /* Products */,
			);
			sourceTree = "<group>";
		};
		45220EF520E2C02100E23118 /* Products */ = {
			isa = PBXGroup;
			children = (
				45220EF420E2C02100E23118 /* Sound Board.app */,
			);
			name = Products;
			sourceTree = "<group>";
		};
		45220EF620E2C02100E23118 /* Sound Board */ = {
			isa = PBXGroup;
			children = (
				45220EF720E2C02100E23118 /* AppDelegate.swift */,
				45220EF920E2C02100E23118 /* ViewController.swift */,
				45220EFB20E2C02100E23118 /* Main.storyboard */,
				45220F0120E2C02300E23118 /* Assets.xcassets */,
				45220F0320E2C02300E23118 /* LaunchScreen.storyboard */,
				45220F0620E2C02300E23118 /* Info.plist */,
				45220EFE20E2C02100E23118 /* Sound_Board.xcdatamodeld */,
			);
			path = "Sound Board";
			sourceTree = "<group>";
		};
/* End PBXGroup section */

/* Begin PBXNativeTarget section */
		45220EF320E2C02100E23118 /* Sound Board */ = {
			isa = PBXNativeTarget;
			buildConfigurationList = 45220F0920E2C02300E23118 /* Build configuration list for PBXNativeTarget "Sound Board" */;
			buildPhases = (
				45220EF020E2C02100E23118 /* Sources */,
				45220EF120E2C02100E23118 /* Frameworks */,
				45220EF220E2C02100E23118 /* Resources */,
			);
			buildRules = (
			);
			dependencies = (
			);
			name = "Sound Board";
			productName = "Sound Board";
			productReference = 45220EF420E2C02100E23118 /* Sound Board.app */;
			productType = "com.apple.product-type.application";
		};
/* End PBXNativeTarget section */

/* Begin PBXProject section */
		45220EEC20E2C02100E23118 /* Project object */ = {
			isa = PBXProject;
			attributes = {
				LastSwiftUpdateCheck = 0940;
				LastUpgradeCheck = 0940;
				ORGANIZATIONNAME = "Jon Moon";
				TargetAttributes = {
					45220EF320E2C02100E23118 = {
						CreatedOnToolsVersion = 9.4.1;
					};
				};
			};
			buildConfigurationList = 45220EEF20E2C02100E23118 /* Build configuration list for PBXProject "Sound Board" */;
			compatibilityVersion = "Xcode 9.3";
			developmentRegion = en;
			hasScannedForEncodings = 0;
			knownRegions = (
				en,
				Base,
			);
			mainGroup = 45220EEB20E2C02100E23118;
			productRefGroup = 45220EF520E2C02100E23118 /* Products */;
			projectDirPath = "";
			projectRoot = "";
			targets = (
				45220EF320E2C02100E23118 /* Sound Board */,
			);
		};
/* End PBXProject section */

/* Begin PBXResourcesBuildPhase section */
		45220EF220E2C02100E23118 /* Resources */ = {
			isa = PBXResourcesBuildPhase;
			buildActionMask = 2147483647;
			files = (
				45220F0520E2C02300E23118 /* LaunchScreen.storyboard in Resources */,
				45220F0220E2C02300E23118 /* Assets.xcassets in Resources */,
				45220EFD20E2C02100E23118 /* Main.storyboard in Resources */,
			);
			runOnlyForDeploymentPostprocessing = 0;
		};
/* End PBXResourcesBuildPhase section */

/* Begin PBXSourcesBuildPhase section */
		45220EF020E2C02100E23118 /* Sources */ = {
			isa = PBXSourcesBuildPhase;
			buildActionMask = 2147483647;
			files = (
				45220F0020E2C02100E23118 /* Sound_Board.xcdatamodeld in Sources */,
				45220EFA20E2C02100E23118 /* ViewController.swift in Sources */,
				45220EF820E2C02100E23118 /* AppDelegate.swift in Sources */,
			);
			runOnlyForDeploymentPostprocessing = 0;
		};
/* End PBXSourcesBuildPhase section */

/* Begin PBXVariantGroup section */
		45220EFB20E2C02100E23118 /* Main.storyboard */ = {
			isa = PBXVariantGroup;
			children = (
				45220EFC20E2C02100E23118 /* Base */,
			);
			name = Main.storyboard;
			sourceTree = "<group>";
		};
		45220F0320E2C02300E23118 /* LaunchScreen.storyboard */ = {
			isa = PBXVariantGroup;
			children = (
				45220F0420E2C02300E23118 /* Base */,
			);
			name = LaunchScreen.storyboard;
			sourceTree = "<group>";
		};
/* End PBXVariantGroup section */

/* Begin XCBuildConfiguration section */
		45220F0720E2C02300E23118 /* Debug */ = {
			isa = XCBuildConfiguration;
			buildSettings = {
				ALWAYS_SEARCH_USER_PATHS = NO;
				CLANG_ANALYZER_NONNULL = YES;
				CLANG_ANALYZER_NUMBER_OBJECT_CONVERSION = YES_AGGRESSIVE;
				CLANG_CXX_LANGUAGE_STANDARD = "gnu++14";
				CLANG_CXX_LIBRARY = "libc++";
				CLANG_ENABLE_MODULES = YES;
				CLANG_ENABLE_OBJC_ARC = YES;
				CLANG_ENABLE_OBJC_WEAK = YES;
				CLANG_WARN_BLOCK_CAPTURE_AUTORELEASING = YES;
				CLANG_WARN_BOOL_CONVERSION = YES;
				CLANG_WARN_COMMA = YES;
				CLANG_WARN_CONSTANT_CONVERSION = YES;
				CLANG_WARN_DEPRECATED_OBJC_IMPLEMENTATIONS = YES;
				CLANG_WARN_DIRECT_OBJC_ISA_USAGE = YES_ERROR;
				CLANG_WARN_DOCUMENTATION_COMMENTS = YES;
				CLANG_WARN_EMPTY_BODY = YES;
				CLANG_WARN_ENUM_CONVERSION = YES;
				CLANG_WARN_INFINITE_RECURSION = YES;
				CLANG_WARN_INT_CONVERSION = YES;
				CLANG_WARN_NON_LITERAL_NULL_CONVERSION = YES;
				CLANG_WARN_OBJC_IMPLICIT_RETAIN_SELF = YES;
				CLANG_WARN_OBJC_LITERAL_CONVERSION = YES;
				CLANG_WARN_OBJC_ROOT_CLASS = YES_ERROR;
				CLANG_WARN_RANGE_LOOP_ANALYSIS = YES;
				CLANG_WARN_STRICT_PROTOTYPES = YES;
				CLANG_WARN_SUSPICIOUS_MOVE = YES;
				CLANG_WARN_UNGUARDED_AVAILABILITY = YES_AGGRESSIVE;
				CLANG_WARN_UNREACHABLE_CODE = YES;
				CLANG_WARN__DUPLICATE_METHOD_MATCH = YES;
				CODE_SIGN_IDENTITY = "iPhone Developer";
				COPY_PHASE_STRIP = NO;
				DEBUG_INFORMATION_FORMAT = dwarf;
				ENABLE_STRICT_OBJC_MSGSEND = YES;
				ENABLE_TESTABILITY = YES;
				GCC_C_LANGUAGE_STANDARD = gnu11;
				GCC_DYNAMIC_NO_PIC = NO;
				GCC_NO_COMMON_BLOCKS = YES;
				GCC_OPTIMIZATION_LEVEL = 0;
				GCC_PREPROCESSOR_DEFINITIONS = (
					"DEBUG=1",
					"$(inherited)",
				);
				GCC_WARN_64_TO_32_BIT_CONVERSION = YES;
				GCC_WARN_ABOUT_RETURN_TYPE = YES_ERROR;
				GCC_WARN_UNDECLARED_SELECTOR = YES;
				GCC_WARN_UNINITIALIZED_AUTOS = YES_AGGRESSIVE;
				GCC_WARN_UNUSED_FUNCTION = YES;
				GCC_WARN_UNUSED_VARIABLE = YES;
				IPHONEOS_DEPLOYMENT_TARGET = 11.4;
				MTL_ENABLE_DEBUG_INFO = YES;
				ONLY_ACTIVE_ARCH = YES;
				SDKROOT = iphoneos;
				SWIFT_ACTIVE_COMPILATION_CONDITIONS = DEBUG;
				SWIFT_OPTIMIZATION_LEVEL = "-Onone";
			};
			name = Debug;
		};
		45220F0820E2C02300E23118 /* Release */ = {
			isa = XCBuildConfiguration;
			buildSettings = {
				ALWAYS_SEARCH_USER_PATHS = NO;
				CLANG_ANALYZER_NONNULL = YES;
				CLANG_ANALYZER_NUMBER_OBJECT_CONVERSION = YES_AGGRESSIVE;
				CLANG_CXX_LANGUAGE_STANDARD = "gnu++14";
				CLANG_CXX_LIBRARY = "libc++";
				CLANG_ENABLE_MODULES = YES;
				CLANG_ENABLE_OBJC_ARC = YES;
				CLANG_ENABLE_OBJC_WEAK = YES;
				CLANG_WARN_BLOCK_CAPTURE_AUTORELEASING = YES;
				CLANG_WARN_BOOL_CONVERSION = YES;
				CLANG_WARN_COMMA = YES;
				CLANG_WARN_CONSTANT_CONVERSION = YES;
				CLANG_WARN_DEPRECATED_OBJC_IMPLEMENTATIONS = YES;
				CLANG_WARN_DIRECT_OBJC_ISA_USAGE = YES_ERROR;
				CLANG_WARN_DOCUMENTATION_COMMENTS = YES;
				CLANG_WARN_EMPTY_BODY = YES;
				CLANG_WARN_ENUM_CONVERSION = YES;
				CLANG_WARN_INFINITE_RECURSION = YES;
				CLANG_WARN_INT_CONVERSION = YES;
				CLANG_WARN_NON_LITERAL_NULL_CONVERSION = YES;
				CLANG_WARN_OBJC_IMPLICIT_RETAIN_SELF = YES;
				CLANG_WARN_OBJC_LITERAL_CONVERSION = YES;
				CLANG_WARN_OBJC_ROOT_CLASS = YES_ERROR;
				CLANG_WARN_RANGE_LOOP_ANALYSIS = YES;
				CLANG_WARN_STRICT_PROTOTYPES = YES;
				CLANG_WARN_SUSPICIOUS_MOVE = YES;
				CLANG_WARN_UNGUARDED_AVAILABILITY = YES_AGGRESSIVE;
				CLANG_WARN_UNREACHABLE_CODE = YES;
				CLANG_WARN__DUPLICATE_METHOD_MATCH = YES;
				CODE_SIGN_IDENTITY = "iPhone Developer";
				COPY_PHASE_STRIP = NO;
				DEBUG_INFORMATION_FORMAT = "dwarf-with-dsym";
				ENABLE_NS_ASSERTIONS = NO;
				ENABLE_STRICT_OBJC_MSGSEND = YES;
				GCC_C_LANGUAGE_STANDARD = gnu11;
				GCC_NO_COMMON_BLOCKS = YES;
				GCC_WARN_64_TO_32_BIT_CONVERSION = YES;
				GCC_WARN_ABOUT_RETURN_TYPE = YES_ERROR;
				GCC_WARN_UNDECLARED_SELECTOR = YES;
				GCC_WARN_UNINITIALIZED_AUTOS = YES_AGGRESSIVE;
				GCC_WARN_UNUSED_FUNCTION = YES;
				GCC_WARN_UNUSED_VARIABLE = YES;
				IPHONEOS_DEPLOYMENT_TARGET = 11.4;
				MTL_ENABLE_DEBUG_INFO = NO;
				SDKROOT = iphoneos;
				SWIFT_COMPILATION_MODE = wholemodule;
				SWIFT_OPTIMIZATION_LEVEL = "-O";
				VALIDATE_PRODUCT = YES;
			};
			name = Release;
		};
		45220F0A20E2C02300E23118 /* Debug */ = {
			isa = XCBuildConfiguration;
			buildSettings = {
				ASSETCATALOG_COMPILER_APPICON_NAME = AppIcon;
				CODE_SIGN_STYLE = Automatic;
				DEVELOPMENT_TEAM = 77V5Z64MVH;
				INFOPLIST_FILE = "Sound Board/Info.plist";
				LD_RUNPATH_SEARCH_PATHS = (
					"$(inherited)",
					"@executable_path/Frameworks",
				);
				PRODUCT_BUNDLE_IDENTIFIER = "jonmoon74.Sound-Board";
				PRODUCT_NAME = "$(TARGET_NAME)";
				SWIFT_VERSION = 4.0;
				TARGETED_DEVICE_FAMILY = "1,2";
			};
			name = Debug;
		};
		45220F0B20E2C02300E23118 /* Release */ = {
			isa = XCBuildConfiguration;
			buildSettings = {
				ASSETCATALOG_COMPILER_APPICON_NAME = AppIcon;
				CODE_SIGN_STYLE = Automatic;
				DEVELOPMENT_TEAM = 77V5Z64MVH;
				INFOPLIST_FILE = "Sound Board/Info.plist";
				LD_RUNPATH_SEARCH_PATHS = (
					"$(inherited)",
					"@executable_path/Frameworks",
				);
				PRODUCT_BUNDLE_IDENTIFIER = "jonmoon74.Sound-Board";
				PRODUCT_NAME = "$(TARGET_NAME)";
				SWIFT_VERSION = 4.0;
				TARGETED_DEVICE_FAMILY = "1,2";
			};
			name = Release;
		};
/* End XCBuildConfiguration section */

/* Begin XCConfigurationList section */
		45220EEF20E2C02100E23118 /* Build configuration list for PBXProject "Sound Board" */ = {
			isa = XCConfigurationList;
			buildConfigurations = (
				45220F0720E2C02300E23118 /* Debug */,
				45220F0820E2C02300E23118 /* Release */,
			);
			defaultConfigurationIsVisible = 0;
			defaultConfigurationName = Release;
		};
		45220F0920E2C02300E23118 /* Build configuration list for PBXNativeTarget "Sound Board" */ = {
			isa = XCConfigurationList;
			buildConfigurations = (
				45220F0A20E2C02300E23118 /* Debug */,
				45220F0B20E2C02300E23118 /* Release */,
			);
			defaultConfigurationIsVisible = 0;
			defaultConfigurationName = Release;
		};
/* End XCConfigurationList section */

/* Begin XCVersionGroup section */
		45220EFE20E2C02100E23118 /* Sound_Board.xcdatamodeld */ = {
			isa = XCVersionGroup;
			children = (
				45220EFF20E2C02100E23118 /* Sound_Board.xcdatamodel */,
			);
			currentVersion = 45220EFF20E2C02100E23118 /* Sound_Board.xcdatamodel */;
			path = Sound_Board.xcdatamodeld;
			sourceTree = "<group>";
			versionGroupType = wrapper.xcdatamodel;
		};
/* End XCVersionGroup section */
	};
	rootObject = 45220EEC20E2C02100E23118 /* Project object */;
}
